
Microsoft Visual Studio Solution File, Format Version 12.00
# Visual Studio 15
VisualStudioVersion = 15.0.27004.2002
MinimumVisualStudioVersion = 10.0.40219.1
Project("{FAE04EC0-301F-11D3-BF4B-00C04F79EFBC}") = "MyStarterApp.Web", "MyStarterApp.Web\MyStarterApp.Web.csproj", "{E1EA4786-3A37-45CF-846B-1371919470C6}"
EndProject
Project("{FAE04EC0-301F-11D3-BF4B-00C04F79EFBC}") = "MyStarterApp.Data", "MyStarterApp.Data\MyStarterApp.Data.csproj", "{B61F7ADB-4737-4672-B13C-7C810C975B4F}"
EndProject
Project("{FAE04EC0-301F-11D3-BF4B-00C04F79EFBC}") = "MyStarterApp.Models", "MyStarterApp.Models\MyStarterApp.Models.csproj", "{E7286E5C-04A9-4732-8310-F1A7B8837180}"
EndProject
Project("{FAE04EC0-301F-11D3-BF4B-00C04F79EFBC}") = "MyStarterApp.Services", "MyStarterApp.Services\MyStarterApp.Services.csproj", "{D0638DD4-EEBB-4056-82A1-741A6E298E1C}"
EndProject
Global
	GlobalSection(SolutionConfigurationPlatforms) = preSolution
		Debug|Any CPU = Debug|Any CPU
		Release|Any CPU = Release|Any CPU
	EndGlobalSection
	GlobalSection(ProjectConfigurationPlatforms) = postSolution
		{E1EA4786-3A37-45CF-846B-1371919470C6}.Debug|Any CPU.ActiveCfg = Debug|Any CPU
		{E1EA4786-3A37-45CF-846B-1371919470C6}.Debug|Any CPU.Build.0 = Debug|Any CPU
		{E1EA4786-3A37-45CF-846B-1371919470C6}.Release|Any CPU.ActiveCfg = Release|Any CPU
		{E1EA4786-3A37-45CF-846B-1371919470C6}.Release|Any CPU.Build.0 = Release|Any CPU
		{B61F7ADB-4737-4672-B13C-7C810C975B4F}.Debug|Any CPU.ActiveCfg = Debug|Any CPU
		{B61F7ADB-4737-4672-B13C-7C810C975B4F}.Debug|Any CPU.Build.0 = Debug|Any CPU
		{B61F7ADB-4737-4672-B13C-7C810C975B4F}.Release|Any CPU.ActiveCfg = Release|Any CPU
		{B61F7ADB-4737-4672-B13C-7C810C975B4F}.Release|Any CPU.Build.0 = Release|Any CPU
		{E7286E5C-04A9-4732-8310-F1A7B8837180}.Debug|Any CPU.ActiveCfg = Debug|Any CPU
		{E7286E5C-04A9-4732-8310-F1A7B8837180}.Debug|Any CPU.Build.0 = Debug|Any CPU
		{E7286E5C-04A9-4732-8310-F1A7B8837180}.Release|Any CPU.ActiveCfg = Release|Any CPU
		{E7286E5C-04A9-4732-8310-F1A7B8837180}.Release|Any CPU.Build.0 = Release|Any CPU
		{D0638DD4-EEBB-4056-82A1-741A6E298E1C}.Debug|Any CPU.ActiveCfg = Debug|Any CPU
		{D0638DD4-EEBB-4056-82A1-741A6E298E1C}.Debug|Any CPU.Build.0 = Debug|Any CPU
		{D0638DD4-EEBB-4056-82A1-741A6E298E1C}.Release|Any CPU.ActiveCfg = Release|Any CPU
		{D0638DD4-EEBB-4056-82A1-741A6E298E1C}.Release|Any CPU.Build.0 = Release|Any CPU
	EndGlobalSection
	GlobalSection(SolutionProperties) = preSolution
		HideSolutionNode = FALSE
	EndGlobalSection
	GlobalSection(ExtensibilityGlobals) = postSolution
		SolutionGuid = {C01085EA-C82D-4F44-9887-04FB5298DA67}
	EndGlobalSection
EndGlobal
